
Microsoft Visual Studio Solution File, Format Version 12.00
# Visual Studio Version 17
VisualStudioVersion = 17.8.34316.72
MinimumVisualStudioVersion = 10.0.40219.1
Project("{FAE04EC0-301F-11D3-BF4B-00C04F79EFBC}") = "IntroduceEverything.Server", "IntroduceEverything.Server\IntroduceEverything.Server.csproj", "{46A175EF-D5FF-405C-92E5-57654ECDD9C7}"
EndProject
Project("{54A90642-561A-4BB1-A94E-469ADEE60C69}") = "introduceeverything.client", "introduceeverything.client\introduceeverything.client.esproj", "{DAA211B2-41B1-4AF9-B821-B8B2542874B8}"
EndProject
Global
	GlobalSection(SolutionConfigurationPlatforms) = preSolution
		Debug|Any CPU = Debug|Any CPU
		Release|Any CPU = Release|Any CPU
	EndGlobalSection
	GlobalSection(ProjectConfigurationPlatforms) = postSolution
		{46A175EF-D5FF-405C-92E5-57654ECDD9C7}.Debug|Any CPU.ActiveCfg = Debug|Any CPU
		{46A175EF-D5FF-405C-92E5-57654ECDD9C7}.Debug|Any CPU.Build.0 = Debug|Any CPU
		{46A175EF-D5FF-405C-92E5-57654ECDD9C7}.Release|Any CPU.ActiveCfg = Release|Any CPU
		{46A175EF-D5FF-405C-92E5-57654ECDD9C7}.Release|Any CPU.Build.0 = Release|Any CPU
		{DAA211B2-41B1-4AF9-B821-B8B2542874B8}.Debug|Any CPU.ActiveCfg = Debug|Any CPU
		{DAA211B2-41B1-4AF9-B821-B8B2542874B8}.Debug|Any CPU.Build.0 = Debug|Any CPU
		{DAA211B2-41B1-4AF9-B821-B8B2542874B8}.Debug|Any CPU.Deploy.0 = Debug|Any CPU
		{DAA211B2-41B1-4AF9-B821-B8B2542874B8}.Release|Any CPU.ActiveCfg = Release|Any CPU
		{DAA211B2-41B1-4AF9-B821-B8B2542874B8}.Release|Any CPU.Build.0 = Release|Any CPU
		{DAA211B2-41B1-4AF9-B821-B8B2542874B8}.Release|Any CPU.Deploy.0 = Release|Any CPU
	EndGlobalSection
	GlobalSection(SolutionProperties) = preSolution
		HideSolutionNode = FALSE
	EndGlobalSection
	GlobalSection(ExtensibilityGlobals) = postSolution
		SolutionGuid = {6A6D03FE-7395-4B16-9C9E-BFF868006F4E}
	EndGlobalSection
EndGlobal
